{
  "version": 4,
  "terraform_version": "1.5.6",
  "serial": 41,
  "lineage": "aac07252-d2ab-13bf-d301-d53879cb7ce5",
  "outputs": {},
  "resources": [
    {
      "module": "module.codebuild_ecs_consumer",
      "mode": "managed",
      "type": "aws_codebuild_project",
      "name": "this",
      "provider": "provider[\"registry.terraform.io/hashicorp/aws\"]",
      "instances": [
        {
          "schema_version": 0,
          "attributes": {
            "arn": "arn:aws:codebuild:us-east-1:653794912064:project/ecs-consumer-build",
            "artifacts": [
              {
                "artifact_identifier": "",
                "bucket_owner_access": "",
                "encryption_disabled": false,
                "location": "",
                "name": "",
                "namespace_type": "",
                "override_artifact_name": false,
                "packaging": "",
                "path": "",
                "type": "NO_ARTIFACTS"
              }
            ],
            "badge_enabled": false,
            "badge_url": "",
            "build_batch_config": [],
            "build_timeout": 60,
            "cache": [
              {
                "location": "",
                "modes": [],
                "type": "NO_CACHE"
              }
            ],
            "concurrent_build_limit": 0,
            "description": "",
            "encryption_key": "arn:aws:kms:us-east-1:653794912064:alias/aws/s3",
            "environment": [
              {
                "certificate": "",
                "compute_type": "BUILD_GENERAL1_SMALL",
                "environment_variable": [],
                "fleet": [],
                "image": "aws/codebuild/standard:7.0",
                "image_pull_credentials_type": "CODEBUILD",
                "privileged_mode": true,
                "registry_credential": [],
                "type": "LINUX_CONTAINER"
              }
            ],
            "file_system_locations": [],
            "id": "arn:aws:codebuild:us-east-1:653794912064:project/ecs-consumer-build",
            "logs_config": [
              {
                "cloudwatch_logs": [
                  {
                    "group_name": "/codebuild/ecs-consumer-build",
                    "status": "ENABLED",
                    "stream_name": "build"
                  }
                ],
                "s3_logs": [
                  {
                    "bucket_owner_access": "",
                    "encryption_disabled": false,
                    "location": "",
                    "status": "DISABLED"
                  }
                ]
              }
            ],
            "name": "ecs-consumer-build",
            "project_visibility": "PRIVATE",
            "public_project_alias": "",
            "queued_timeout": 480,
            "resource_access_role": "",
            "secondary_artifacts": [],
            "secondary_source_version": [],
            "secondary_sources": [],
            "service_role": "arn:aws:iam::653794912064:role/ecs-consumer-build-role",
            "source": [
              {
                "auth": [],
                "build_status_config": [],
                "buildspec": "buildspec.yml",
                "git_clone_depth": 0,
                "git_submodules_config": [],
                "insecure_ssl": false,
                "location": "https://github.com/developerfelipemoraes/poc-ecs-python",
                "report_build_status": false,
                "type": "GITHUB"
              }
            ],
            "source_version": "",
            "tags": null,
            "tags_all": {},
            "vpc_config": []
          },
          "sensitive_attributes": [],
          "private": "bnVsbA==",
          "dependencies": [
            "module.codebuild_ecs_consumer.aws_iam_role.codebuild_role"
          ]
        }
      ]
    },
    {
      "module": "module.codebuild_ecs_consumer",
      "mode": "managed",
      "type": "aws_iam_role",
      "name": "codebuild_role",
      "provider": "provider[\"registry.terraform.io/hashicorp/aws\"]",
      "instances": [
        {
          "schema_version": 0,
          "attributes": {
            "arn": "arn:aws:iam::653794912064:role/ecs-consumer-build-role",
            "assume_role_policy": "{\"Statement\":[{\"Action\":\"sts:AssumeRole\",\"Effect\":\"Allow\",\"Principal\":{\"Service\":\"codebuild.amazonaws.com\"}}],\"Version\":\"2012-10-17\"}",
            "create_date": "2026-01-08T22:30:05Z",
            "description": "",
            "force_detach_policies": false,
            "id": "ecs-consumer-build-role",
            "inline_policy": [],
            "managed_policy_arns": [],
            "max_session_duration": 3600,
            "name": "ecs-consumer-build-role",
            "name_prefix": "",
            "path": "/",
            "permissions_boundary": "",
            "tags": null,
            "tags_all": {},
            "unique_id": "AROAZQOJWU5AEAW4XCXTB"
          },
          "sensitive_attributes": [],
          "private": "bnVsbA=="
        }
      ]
    },
    {
      "module": "module.codebuild_ecs_consumer",
      "mode": "managed",
      "type": "aws_iam_role_policy",
      "name": "codebuild_policy",
      "provider": "provider[\"registry.terraform.io/hashicorp/aws\"]",
      "instances": [
        {
          "schema_version": 0,
          "attributes": {
            "id": "ecs-consumer-build-role:terraform-20260108222705178000000001",
            "name": "terraform-20260108222705178000000001",
            "name_prefix": "terraform-",
            "policy": "{\"Version\":\"2012-10-17\",\"Statement\":[{\"Action\":[\"ecr:GetAuthorizationToken\",\"ecr:BatchCheckLayerAvailability\",\"ecr:InitiateLayerUpload\",\"ecr:UploadLayerPart\",\"ecr:CompleteLayerUpload\",\"ecr:PutImage\"],\"Effect\":\"Allow\",\"Resource\":\"*\"},{\"Action\":[\"ecs:UpdateService\",\"ecs:DescribeServices\"],\"Effect\":\"Allow\",\"Resource\":\"*\"},{\"Action\":[\"logs:CreateLogGroup\",\"logs:CreateLogStream\",\"logs:PutLogEvents\"],\"Effect\":\"Allow\",\"Resource\":\"*\"}]}",
            "role": "ecs-consumer-build-role"
          },
          "sensitive_attributes": [],
          "private": "bnVsbA==",
          "dependencies": [
            "module.codebuild_ecs_consumer.aws_iam_role.codebuild_role"
          ]
        }
      ]
    },
    {
      "module": "module.ecr_ecs_consumer",
      "mode": "managed",
      "type": "aws_ecr_lifecycle_policy",
      "name": "this",
      "provider": "provider[\"registry.terraform.io/hashicorp/aws\"]",
      "instances": [
        {
          "schema_version": 0,
          "attributes": {
            "id": "poc-ecs-consumer",
            "policy": "{\"rules\":[{\"action\":{\"type\":\"expire\"},\"description\":\"Keep last 10 images\",\"rulePriority\":1,\"selection\":{\"countNumber\":10,\"countType\":\"imageCountMoreThan\",\"tagStatus\":\"any\"}}]}",
            "registry_id": "653794912064",
            "repository": "poc-ecs-consumer"
          },
          "sensitive_attributes": [],
          "private": "bnVsbA==",
          "dependencies": [
            "module.ecr_ecs_consumer.aws_ecr_repository.this"
          ]
        }
      ]
    },
    {
      "module": "module.ecr_ecs_consumer",
      "mode": "managed",
      "type": "aws_ecr_repository",
      "name": "this",
      "provider": "provider[\"registry.terraform.io/hashicorp/aws\"]",
      "instances": [
        {
          "schema_version": 0,
          "attributes": {
            "arn": "arn:aws:ecr:us-east-1:653794912064:repository/poc-ecs-consumer",
            "encryption_configuration": [
              {
                "encryption_type": "AES256",
                "kms_key": ""
              }
            ],
            "force_delete": null,
            "id": "poc-ecs-consumer",
            "image_scanning_configuration": [
              {
                "scan_on_push": true
              }
            ],
            "image_tag_mutability": "MUTABLE",
            "name": "poc-ecs-consumer",
            "registry_id": "653794912064",
            "repository_url": "653794912064.dkr.ecr.us-east-1.amazonaws.com/poc-ecs-consumer",
            "tags": {},
            "tags_all": {},
            "timeouts": null
          },
          "sensitive_attributes": [],
          "private": "eyJlMmJmYjczMC1lY2FhLTExZTYtOGY4OC0zNDM2M2JjN2M0YzAiOnsiZGVsZXRlIjoxMjAwMDAwMDAwMDAwfX0="
        }
      ]
    },
    {
      "module": "module.ecs_consumer",
      "mode": "managed",
      "type": "aws_ecs_cluster",
      "name": "this",
      "provider": "provider[\"registry.terraform.io/hashicorp/aws\"]",
      "instances": [
        {
          "schema_version": 0,
          "attributes": {
            "arn": "arn:aws:ecs:us-east-1:653794912064:cluster/poc-ecs-consumer",
            "configuration": [],
            "id": "arn:aws:ecs:us-east-1:653794912064:cluster/poc-ecs-consumer",
            "name": "poc-ecs-consumer",
            "service_connect_defaults": [],
            "setting": [
              {
                "name": "containerInsights",
                "value": "disabled"
              }
            ],
            "tags": {},
            "tags_all": {}
          },
          "sensitive_attributes": [],
          "private": "bnVsbA=="
        }
      ]
    },
    {
      "module": "module.fila_a",
      "mode": "managed",
      "type": "aws_sqs_queue",
      "name": "this",
      "provider": "provider[\"registry.terraform.io/hashicorp/aws\"]",
      "instances": [
        {
          "schema_version": 0,
          "attributes": {
            "arn": "arn:aws:sqs:us-east-1:653794912064:fila-a",
            "content_based_deduplication": false,
            "deduplication_scope": "",
            "delay_seconds": 0,
            "fifo_queue": false,
            "fifo_throughput_limit": "",
            "id": "https://sqs.us-east-1.amazonaws.com/653794912064/fila-a",
            "kms_data_key_reuse_period_seconds": 300,
            "kms_master_key_id": "arn:aws:kms:us-east-1:653794912064:key/efa9404c-6a22-480a-b780-d8892e09711e",
            "max_message_size": 262144,
            "message_retention_seconds": 345600,
            "name": "fila-a",
            "name_prefix": "",
            "policy": "",
            "receive_wait_time_seconds": 0,
            "redrive_allow_policy": "",
            "redrive_policy": "",
            "sqs_managed_sse_enabled": false,
            "tags": {},
            "tags_all": {},
            "timeouts": null,
            "url": "https://sqs.us-east-1.amazonaws.com/653794912064/fila-a",
            "visibility_timeout_seconds": 30
          },
          "sensitive_attributes": [],
          "private": "eyJlMmJmYjczMC1lY2FhLTExZTYtOGY4OC0zNDM2M2JjN2M0YzAiOnsiY3JlYXRlIjoxODAwMDAwMDAwMDAsImRlbGV0ZSI6MTgwMDAwMDAwMDAwLCJ1cGRhdGUiOjE4MDAwMDAwMDAwMH19",
          "dependencies": [
            "module.kms.aws_kms_key.this"
          ]
        }
      ]
    },
    {
      "module": "module.fila_b",
      "mode": "managed",
      "type": "aws_sqs_queue",
      "name": "this",
      "provider": "provider[\"registry.terraform.io/hashicorp/aws\"]",
      "instances": [
        {
          "schema_version": 0,
          "attributes": {
            "arn": "arn:aws:sqs:us-east-1:653794912064:fila-b",
            "content_based_deduplication": false,
            "deduplication_scope": "",
            "delay_seconds": 0,
            "fifo_queue": false,
            "fifo_throughput_limit": "",
            "id": "https://sqs.us-east-1.amazonaws.com/653794912064/fila-b",
            "kms_data_key_reuse_period_seconds": 300,
            "kms_master_key_id": "arn:aws:kms:us-east-1:653794912064:key/efa9404c-6a22-480a-b780-d8892e09711e",
            "max_message_size": 262144,
            "message_retention_seconds": 345600,
            "name": "fila-b",
            "name_prefix": "",
            "policy": "",
            "receive_wait_time_seconds": 0,
            "redrive_allow_policy": "",
            "redrive_policy": "",
            "sqs_managed_sse_enabled": false,
            "tags": {},
            "tags_all": {},
            "timeouts": null,
            "url": "https://sqs.us-east-1.amazonaws.com/653794912064/fila-b",
            "visibility_timeout_seconds": 30
          },
          "sensitive_attributes": [],
          "private": "eyJlMmJmYjczMC1lY2FhLTExZTYtOGY4OC0zNDM2M2JjN2M0YzAiOnsiY3JlYXRlIjoxODAwMDAwMDAwMDAsImRlbGV0ZSI6MTgwMDAwMDAwMDAwLCJ1cGRhdGUiOjE4MDAwMDAwMDAwMH19",
          "dependencies": [
            "module.kms.aws_kms_key.this"
          ]
        }
      ]
    },
    {
      "module": "module.iam_ecs",
      "mode": "managed",
      "type": "aws_iam_role",
      "name": "this",
      "provider": "provider[\"registry.terraform.io/hashicorp/aws\"]",
      "instances": [
        {
          "schema_version": 0,
          "attributes": {
            "arn": "arn:aws:iam::653794912064:role/poc-sqs-kms-ecs-task-role",
            "assume_role_policy": "{\"Statement\":[{\"Action\":\"sts:AssumeRole\",\"Effect\":\"Allow\",\"Principal\":{\"Service\":\"ecs-tasks.amazonaws.com\"}}],\"Version\":\"2012-10-17\"}",
            "create_date": "2026-01-08T22:21:03Z",
            "description": "",
            "force_detach_policies": false,
            "id": "poc-sqs-kms-ecs-task-role",
            "inline_policy": [
              {
                "name": "terraform-20260108221802727900000001",
                "policy": "{\"Version\":\"2012-10-17\",\"Statement\":[{\"Action\":[\"sqs:*\"],\"Effect\":\"Allow\",\"Resource\":\"arn:aws:sqs:us-east-1:653794912064:fila-b\"},{\"Action\":[\"kms:Decrypt\"],\"Effect\":\"Allow\",\"Resource\":\"arn:aws:kms:us-east-1:653794912064:key/efa9404c-6a22-480a-b780-d8892e09711e\"}]}"
              }
            ],
            "managed_policy_arns": [],
            "max_session_duration": 3600,
            "name": "poc-sqs-kms-ecs-task-role",
            "name_prefix": "",
            "path": "/",
            "permissions_boundary": "",
            "tags": {},
            "tags_all": {},
            "unique_id": "AROAZQOJWU5AF5DOI2L3E"
          },
          "sensitive_attributes": [],
          "private": "bnVsbA=="
        }
      ]
    },
    {
      "module": "module.iam_ecs",
      "mode": "managed",
      "type": "aws_iam_role_policy",
      "name": "this",
      "provider": "provider[\"registry.terraform.io/hashicorp/aws\"]",
      "instances": [
        {
          "schema_version": 0,
          "attributes": {
            "id": "poc-sqs-kms-ecs-task-role:terraform-20260108221802727900000001",
            "name": "terraform-20260108221802727900000001",
            "name_prefix": "terraform-",
            "policy": "{\"Version\":\"2012-10-17\",\"Statement\":[{\"Action\":[\"sqs:*\"],\"Effect\":\"Allow\",\"Resource\":\"arn:aws:sqs:us-east-1:653794912064:fila-b\"},{\"Action\":[\"kms:Decrypt\"],\"Effect\":\"Allow\",\"Resource\":\"arn:aws:kms:us-east-1:653794912064:key/efa9404c-6a22-480a-b780-d8892e09711e\"}]}",
            "role": "poc-sqs-kms-ecs-task-role"
          },
          "sensitive_attributes": [],
          "private": "bnVsbA==",
          "dependencies": [
            "module.fila_b.aws_sqs_queue.this",
            "module.iam_ecs.aws_iam_role.this",
            "module.kms.aws_kms_key.this"
          ]
        }
      ]
    },
    {
      "module": "module.kms",
      "mode": "managed",
      "type": "aws_kms_alias",
      "name": "this",
      "provider": "provider[\"registry.terraform.io/hashicorp/aws\"]",
      "instances": [
        {
          "schema_version": 0,
          "attributes": {
            "arn": "arn:aws:kms:us-east-1:653794912064:alias/kms-key-poc",
            "id": "alias/kms-key-poc",
            "name": "alias/kms-key-poc",
            "name_prefix": "",
            "target_key_arn": "arn:aws:kms:us-east-1:653794912064:key/efa9404c-6a22-480a-b780-d8892e09711e",
            "target_key_id": "efa9404c-6a22-480a-b780-d8892e09711e"
          },
          "sensitive_attributes": [],
          "private": "bnVsbA==",
          "dependencies": [
            "module.kms.aws_kms_key.this"
          ]
        }
      ]
    },
    {
      "module": "module.kms",
      "mode": "managed",
      "type": "aws_kms_key",
      "name": "this",
      "provider": "provider[\"registry.terraform.io/hashicorp/aws\"]",
      "instances": [
        {
          "schema_version": 0,
          "attributes": {
            "arn": "arn:aws:kms:us-east-1:653794912064:key/efa9404c-6a22-480a-b780-d8892e09711e",
            "bypass_policy_lockout_safety_check": false,
            "custom_key_store_id": "",
            "customer_master_key_spec": "SYMMETRIC_DEFAULT",
            "deletion_window_in_days": null,
            "description": "KMS key for SQS",
            "enable_key_rotation": false,
            "id": "efa9404c-6a22-480a-b780-d8892e09711e",
            "is_enabled": true,
            "key_id": "efa9404c-6a22-480a-b780-d8892e09711e",
            "key_usage": "ENCRYPT_DECRYPT",
            "multi_region": false,
            "policy": "{\"Id\":\"key-default-1\",\"Statement\":[{\"Action\":\"kms:*\",\"Effect\":\"Allow\",\"Principal\":{\"AWS\":\"arn:aws:iam::653794912064:root\"},\"Resource\":\"*\",\"Sid\":\"Enable IAM User Permissions\"}],\"Version\":\"2012-10-17\"}",
            "rotation_period_in_days": 0,
            "tags": {},
            "tags_all": {},
            "timeouts": null,
            "xks_key_id": ""
          },
          "sensitive_attributes": [],
          "private": "eyJlMmJmYjczMC1lY2FhLTExZTYtOGY4OC0zNDM2M2JjN2M0YzAiOnsiY3JlYXRlIjoxMjAwMDAwMDAwMDB9fQ=="
        }
      ]
    }
  ],
  "check_results": null
}
